
Microsoft Visual Studio Solution File, Format Version 11.00
# Visual Studio 2010
# SharpDevelop 4.3
Project("{FAE04EC0-301F-11D3-BF4B-00C04F79EFBC}") = "recode.net", "recode.net.csproj", "{0E5FE0E5-F240-480B-950F-3856CE625A92}"
EndProject
Global
	GlobalSection(SolutionConfigurationPlatforms) = preSolution
		Debug|Any CPU = Debug|Any CPU
		Release|Any CPU = Release|Any CPU
	EndGlobalSection
	GlobalSection(ProjectConfigurationPlatforms) = postSolution
		{0E5FE0E5-F240-480B-950F-3856CE625A92}.Debug|Any CPU.Build.0 = Debug|Any CPU
		{0E5FE0E5-F240-480B-950F-3856CE625A92}.Debug|Any CPU.ActiveCfg = Debug|Any CPU
		{0E5FE0E5-F240-480B-950F-3856CE625A92}.Release|Any CPU.Build.0 = Release|Any CPU
		{0E5FE0E5-F240-480B-950F-3856CE625A92}.Release|Any CPU.ActiveCfg = Release|Any CPU
	EndGlobalSection
EndGlobal
